{
  "name": "shiki",
  "version": "0.14.0",
  "lockfileVersion": 2,
  "requires": true,
  "packages": {
    "": {
      "name": "shiki",
      "version": "0.14.0",
      "license": "MIT",
      "dependencies": {
        "ansi-sequence-parser": "^1.1.0",
        "jsonc-parser": "^3.2.0",
        "vscode-oniguruma": "^1.7.0",
        "vscode-textmate": "^8.0.0"
      },
      "devDependencies": {
        "@types/node": "^18.11.17"
      }
    },
    "../../node_modules/.pnpm/@types+node@18.11.18/node_modules/@types/node": {
      "version": "18.11.18",
      "dev": true,
      "license": "MIT"
    },
    "../../node_modules/.pnpm/ansi-sequence-parser@1.1.0/node_modules/ansi-sequence-parser": {
      "version": "1.1.0",
      "license": "MIT",
      "devDependencies": {
        "@changesets/cli": "^2.26.0",
        "tsup": "^6.5.0",
        "typescript": "^4.9.4",
        "vitest": "^0.28.3"
      }
    },
    "../../node_modules/.pnpm/jsonc-parser@3.2.0/node_modules/jsonc-parser": {
      "version": "3.2.0",
      "license": "MIT",
      "devDependencies": {
        "@types/mocha": "^9.1.1",
        "@types/node": "^16.x",
        "@typescript-eslint/eslint-plugin": "^5.36.0",
        "@typescript-eslint/parser": "^5.36.0",
        "eslint": "^8.23.0",
        "mocha": "^10.0.0",
        "rimraf": "^3.0.2",
        "typescript": "^4.8.2"
      }
    },
    "../../node_modules/.pnpm/vscode-oniguruma@1.7.0/node_modules/vscode-oniguruma": {
      "version": "1.7.0",
      "license": "MIT",
      "devDependencies": {
        "@types/mocha": "^10.0.0",
        "@types/node": "^18.11.9",
        "mocha": "^10.1.0",
        "typescript": "^4.9.3",
        "webpack": "^5.75.0",
        "webpack-cli": "^5.0.0"
      }
    },
    "../../node_modules/.pnpm/vscode-textmate@8.0.0/node_modules/vscode-textmate": {
      "version": "8.0.0",
      "license": "MIT",
      "devDependencies": {
        "@types/mocha": "^9.1.0",
        "@types/node": "^16.6.1",
        "copy-webpack-plugin": "^9.1.0",
        "mocha": "^9.2.2",
        "typescript": "^4.3.5",
        "vscode-oniguruma": "^1.5.1",
        "webpack": "^5.50.0",
        "webpack-cli": "^4.8.0"
      }
    },
    "node_modules/@types/node": {
      "resolved": "../../node_modules/.pnpm/@types+node@18.11.18/node_modules/@types/node",
      "link": true
    },
    "node_modules/ansi-sequence-parser": {
      "resolved": "../../node_modules/.pnpm/ansi-sequence-parser@1.1.0/node_modules/ansi-sequence-parser",
      "link": true
    },
    "node_modules/jsonc-parser": {
      "resolved": "../../node_modules/.pnpm/jsonc-parser@3.2.0/node_modules/jsonc-parser",
      "link": true
    },
    "node_modules/vscode-oniguruma": {
      "resolved": "../../node_modules/.pnpm/vscode-oniguruma@1.7.0/node_modules/vscode-oniguruma",
      "link": true
    },
    "node_modules/vscode-textmate": {
      "resolved": "../../node_modules/.pnpm/vscode-textmate@8.0.0/node_modules/vscode-textmate",
      "link": true
    }
  },
  "dependencies": {
    "@types/node": {
      "version": "file:../../node_modules/.pnpm/@types+node@18.11.18/node_modules/@types/node"
    },
    "ansi-sequence-parser": {
      "version": "file:../../node_modules/.pnpm/ansi-sequence-parser@1.1.0/node_modules/ansi-sequence-parser",
      "requires": {
        "@changesets/cli": "^2.26.0",
        "tsup": "^6.5.0",
        "typescript": "^4.9.4",
        "vitest": "^0.28.3"
      }
    },
    "jsonc-parser": {
      "version": "file:../../node_modules/.pnpm/jsonc-parser@3.2.0/node_modules/jsonc-parser",
      "requires": {
        "@types/mocha": "^9.1.1",
        "@types/node": "^16.x",
        "@typescript-eslint/eslint-plugin": "^5.36.0",
        "@typescript-eslint/parser": "^5.36.0",
        "eslint": "^8.23.0",
        "mocha": "^10.0.0",
        "rimraf": "^3.0.2",
        "typescript": "^4.8.2"
      }
    },
    "vscode-oniguruma": {
      "version": "file:../../node_modules/.pnpm/vscode-oniguruma@1.7.0/node_modules/vscode-oniguruma",
      "requires": {
        "@types/mocha": "^10.0.0",
        "@types/node": "^18.11.9",
        "mocha": "^10.1.0",
        "typescript": "^4.9.3",
        "webpack": "^5.75.0",
        "webpack-cli": "^5.0.0"
      }
    },
    "vscode-textmate": {
      "version": "file:../../node_modules/.pnpm/vscode-textmate@8.0.0/node_modules/vscode-textmate",
      "requires": {
        "@types/mocha": "^9.1.0",
        "@types/node": "^16.6.1",
        "copy-webpack-plugin": "^9.1.0",
        "mocha": "^9.2.2",
        "typescript": "^4.3.5",
        "vscode-oniguruma": "^1.5.1",
        "webpack": "^5.50.0",
        "webpack-cli": "^4.8.0"
      }
    }
  }
}
